
Microsoft Visual Studio Solution File, Format Version 12.00
# Visual Studio Version 17
VisualStudioVersion = 17.14.36221.1
MinimumVisualStudioVersion = 10.0.40219.1
Project("{FAE04EC0-301F-11D3-BF4B-00C04F79EFBC}") = "FileTransfer.Client.WinForms", "FileTransferClient\FileTransfer.Client.WinForms.csproj", "{4D81CD0A-0DA6-4930-97E8-C7D463BAEA46}"
EndProject
Project("{FAE04EC0-301F-11D3-BF4B-00C04F79EFBC}") = "FileTransfer.Shared", "FileTransfer.Shared\FileTransfer.Shared.csproj", "{41FEF093-69FB-4B6A-9DC2-95CE1430318A}"
EndProject
Project("{FAE04EC0-301F-11D3-BF4B-00C04F79EFBC}") = "FileTransfer.Server", "FileTransfer.Server\FileTransfer.Server.csproj", "{14638348-47BD-4C4D-B07E-FEDF0B99CC8E}"
EndProject
Global
	GlobalSection(SolutionConfigurationPlatforms) = preSolution
		Debug|Any CPU = Debug|Any CPU
		Release|Any CPU = Release|Any CPU
	EndGlobalSection
	GlobalSection(ProjectConfigurationPlatforms) = postSolution
		{4D81CD0A-0DA6-4930-97E8-C7D463BAEA46}.Debug|Any CPU.ActiveCfg = Debug|Any CPU
		{4D81CD0A-0DA6-4930-97E8-C7D463BAEA46}.Debug|Any CPU.Build.0 = Debug|Any CPU
		{4D81CD0A-0DA6-4930-97E8-C7D463BAEA46}.Release|Any CPU.ActiveCfg = Release|Any CPU
		{4D81CD0A-0DA6-4930-97E8-C7D463BAEA46}.Release|Any CPU.Build.0 = Release|Any CPU
		{41FEF093-69FB-4B6A-9DC2-95CE1430318A}.Debug|Any CPU.ActiveCfg = Debug|Any CPU
		{41FEF093-69FB-4B6A-9DC2-95CE1430318A}.Debug|Any CPU.Build.0 = Debug|Any CPU
		{41FEF093-69FB-4B6A-9DC2-95CE1430318A}.Release|Any CPU.ActiveCfg = Release|Any CPU
		{41FEF093-69FB-4B6A-9DC2-95CE1430318A}.Release|Any CPU.Build.0 = Release|Any CPU
		{14638348-47BD-4C4D-B07E-FEDF0B99CC8E}.Debug|Any CPU.ActiveCfg = Debug|Any CPU
		{14638348-47BD-4C4D-B07E-FEDF0B99CC8E}.Debug|Any CPU.Build.0 = Debug|Any CPU
		{14638348-47BD-4C4D-B07E-FEDF0B99CC8E}.Release|Any CPU.ActiveCfg = Release|Any CPU
		{14638348-47BD-4C4D-B07E-FEDF0B99CC8E}.Release|Any CPU.Build.0 = Release|Any CPU
	EndGlobalSection
	GlobalSection(SolutionProperties) = preSolution
		HideSolutionNode = FALSE
	EndGlobalSection
	GlobalSection(ExtensibilityGlobals) = postSolution
		SolutionGuid = {EBD16607-E401-4032-A163-DAB8B7E34A2D}
	EndGlobalSection
EndGlobal
